
Microsoft Visual Studio Solution File, Format Version 12.00
# Visual Studio 15
VisualStudioVersion = 15.0.28010.2046
MinimumVisualStudioVersion = 10.0.40219.1
Project("{FAE04EC0-301F-11D3-BF4B-00C04F79EFBC}") = "Pets.Android", "Pets\Pets.Android\Pets.Android.csproj", "{90376D94-4848-4152-9890-40554CE016D8}"
EndProject
Project("{FAE04EC0-301F-11D3-BF4B-00C04F79EFBC}") = "Pets.iOS", "Pets\Pets.iOS\Pets.iOS.csproj", "{1F7AB9F9-DFDA-42D9-B055-8839729BA8BF}"
EndProject
Project("{FAE04EC0-301F-11D3-BF4B-00C04F79EFBC}") = "Pets", "Pets\Pets\Pets.csproj", "{F1B14DB4-49DC-42D6-983B-D4F6DD54FA5C}"
EndProject
Global
	GlobalSection(SolutionConfigurationPlatforms) = preSolution
		Ad-Hoc|Any CPU = Ad-Hoc|Any CPU
		Ad-Hoc|iPhone = Ad-Hoc|iPhone
		Ad-Hoc|iPhoneSimulator = Ad-Hoc|iPhoneSimulator
		AppStore|Any CPU = AppStore|Any CPU
		AppStore|iPhone = AppStore|iPhone
		AppStore|iPhoneSimulator = AppStore|iPhoneSimulator
		Debug|Any CPU = Debug|Any CPU
		Debug|iPhone = Debug|iPhone
		Debug|iPhoneSimulator = Debug|iPhoneSimulator
		Release|Any CPU = Release|Any CPU
		Release|iPhone = Release|iPhone
		Release|iPhoneSimulator = Release|iPhoneSimulator
	EndGlobalSection
	GlobalSection(ProjectConfigurationPlatforms) = postSolution
		{90376D94-4848-4152-9890-40554CE016D8}.Ad-Hoc|Any CPU.ActiveCfg = Release|Any CPU
		{90376D94-4848-4152-9890-40554CE016D8}.Ad-Hoc|Any CPU.Build.0 = Release|Any CPU
		{90376D94-4848-4152-9890-40554CE016D8}.Ad-Hoc|Any CPU.Deploy.0 = Release|Any CPU
		{90376D94-4848-4152-9890-40554CE016D8}.Ad-Hoc|iPhone.ActiveCfg = Release|Any CPU
		{90376D94-4848-4152-9890-40554CE016D8}.Ad-Hoc|iPhone.Build.0 = Release|Any CPU
		{90376D94-4848-4152-9890-40554CE016D8}.Ad-Hoc|iPhone.Deploy.0 = Release|Any CPU
		{90376D94-4848-4152-9890-40554CE016D8}.Ad-Hoc|iPhoneSimulator.ActiveCfg = Release|Any CPU
		{90376D94-4848-4152-9890-40554CE016D8}.Ad-Hoc|iPhoneSimulator.Build.0 = Release|Any CPU
		{90376D94-4848-4152-9890-40554CE016D8}.Ad-Hoc|iPhoneSimulator.Deploy.0 = Release|Any CPU
		{90376D94-4848-4152-9890-40554CE016D8}.AppStore|Any CPU.ActiveCfg = Release|Any CPU
		{90376D94-4848-4152-9890-40554CE016D8}.AppStore|Any CPU.Build.0 = Release|Any CPU
		{90376D94-4848-4152-9890-40554CE016D8}.AppStore|Any CPU.Deploy.0 = Release|Any CPU
		{90376D94-4848-4152-9890-40554CE016D8}.AppStore|iPhone.ActiveCfg = Release|Any CPU
		{90376D94-4848-4152-9890-40554CE016D8}.AppStore|iPhone.Build.0 = Release|Any CPU
		{90376D94-4848-4152-9890-40554CE016D8}.AppStore|iPhone.Deploy.0 = Release|Any CPU
		{90376D94-4848-4152-9890-40554CE016D8}.AppStore|iPhoneSimulator.ActiveCfg = Release|Any CPU
		{90376D94-4848-4152-9890-40554CE016D8}.AppStore|iPhoneSimulator.Build.0 = Release|Any CPU
		{90376D94-4848-4152-9890-40554CE016D8}.AppStore|iPhoneSimulator.Deploy.0 = Release|Any CPU
		{90376D94-4848-4152-9890-40554CE016D8}.Debug|Any CPU.ActiveCfg = Debug|Any CPU
		{90376D94-4848-4152-9890-40554CE016D8}.Debug|Any CPU.Build.0 = Debug|Any CPU
		{90376D94-4848-4152-9890-40554CE016D8}.Debug|Any CPU.Deploy.0 = Debug|Any CPU
		{90376D94-4848-4152-9890-40554CE016D8}.Debug|iPhone.ActiveCfg = Debug|Any CPU
		{90376D94-4848-4152-9890-40554CE016D8}.Debug|iPhone.Build.0 = Debug|Any CPU
		{90376D94-4848-4152-9890-40554CE016D8}.Debug|iPhone.Deploy.0 = Debug|Any CPU
		{90376D94-4848-4152-9890-40554CE016D8}.Debug|iPhoneSimulator.ActiveCfg = Debug|Any CPU
		{90376D94-4848-4152-9890-40554CE016D8}.Debug|iPhoneSimulator.Build.0 = Debug|Any CPU
		{90376D94-4848-4152-9890-40554CE016D8}.Debug|iPhoneSimulator.Deploy.0 = Debug|Any CPU
		{90376D94-4848-4152-9890-40554CE016D8}.Release|Any CPU.ActiveCfg = Release|Any CPU
		{90376D94-4848-4152-9890-40554CE016D8}.Release|Any CPU.Build.0 = Release|Any CPU
		{90376D94-4848-4152-9890-40554CE016D8}.Release|Any CPU.Deploy.0 = Release|Any CPU
		{90376D94-4848-4152-9890-40554CE016D8}.Release|iPhone.ActiveCfg = Release|Any CPU
		{90376D94-4848-4152-9890-40554CE016D8}.Release|iPhone.Build.0 = Release|Any CPU
		{90376D94-4848-4152-9890-40554CE016D8}.Release|iPhone.Deploy.0 = Release|Any CPU
		{90376D94-4848-4152-9890-40554CE016D8}.Release|iPhoneSimulator.ActiveCfg = Release|Any CPU
		{90376D94-4848-4152-9890-40554CE016D8}.Release|iPhoneSimulator.Build.0 = Release|Any CPU
		{90376D94-4848-4152-9890-40554CE016D8}.Release|iPhoneSimulator.Deploy.0 = Release|Any CPU
		{1F7AB9F9-DFDA-42D9-B055-8839729BA8BF}.Ad-Hoc|Any CPU.ActiveCfg = Ad-Hoc|iPhone
		{1F7AB9F9-DFDA-42D9-B055-8839729BA8BF}.Ad-Hoc|Any CPU.Build.0 = Ad-Hoc|iPhone
		{1F7AB9F9-DFDA-42D9-B055-8839729BA8BF}.Ad-Hoc|Any CPU.Deploy.0 = Ad-Hoc|iPhone
		{1F7AB9F9-DFDA-42D9-B055-8839729BA8BF}.Ad-Hoc|iPhone.ActiveCfg = Ad-Hoc|iPhone
		{1F7AB9F9-DFDA-42D9-B055-8839729BA8BF}.Ad-Hoc|iPhone.Build.0 = Ad-Hoc|iPhone
		{1F7AB9F9-DFDA-42D9-B055-8839729BA8BF}.Ad-Hoc|iPhone.Deploy.0 = Ad-Hoc|iPhone
		{1F7AB9F9-DFDA-42D9-B055-8839729BA8BF}.Ad-Hoc|iPhoneSimulator.ActiveCfg = Ad-Hoc|iPhoneSimulator
		{1F7AB9F9-DFDA-42D9-B055-8839729BA8BF}.Ad-Hoc|iPhoneSimulator.Build.0 = Ad-Hoc|iPhoneSimulator
		{1F7AB9F9-DFDA-42D9-B055-8839729BA8BF}.Ad-Hoc|iPhoneSimulator.Deploy.0 = Ad-Hoc|iPhoneSimulator
		{1F7AB9F9-DFDA-42D9-B055-8839729BA8BF}.AppStore|Any CPU.ActiveCfg = AppStore|iPhone
		{1F7AB9F9-DFDA-42D9-B055-8839729BA8BF}.AppStore|Any CPU.Build.0 = AppStore|iPhone
		{1F7AB9F9-DFDA-42D9-B055-8839729BA8BF}.AppStore|Any CPU.Deploy.0 = AppStore|iPhone
		{1F7AB9F9-DFDA-42D9-B055-8839729BA8BF}.AppStore|iPhone.ActiveCfg = AppStore|iPhone
		{1F7AB9F9-DFDA-42D9-B055-8839729BA8BF}.AppStore|iPhone.Build.0 = AppStore|iPhone
		{1F7AB9F9-DFDA-42D9-B055-8839729BA8BF}.AppStore|iPhone.Deploy.0 = AppStore|iPhone
		{1F7AB9F9-DFDA-42D9-B055-8839729BA8BF}.AppStore|iPhoneSimulator.ActiveCfg = AppStore|iPhoneSimulator
		{1F7AB9F9-DFDA-42D9-B055-8839729BA8BF}.AppStore|iPhoneSimulator.Build.0 = AppStore|iPhoneSimulator
		{1F7AB9F9-DFDA-42D9-B055-8839729BA8BF}.AppStore|iPhoneSimulator.Deploy.0 = AppStore|iPhoneSimulator
		{1F7AB9F9-DFDA-42D9-B055-8839729BA8BF}.Debug|Any CPU.ActiveCfg = Debug|iPhoneSimulator
		{1F7AB9F9-DFDA-42D9-B055-8839729BA8BF}.Debug|Any CPU.Build.0 = Debug|iPhoneSimulator
		{1F7AB9F9-DFDA-42D9-B055-8839729BA8BF}.Debug|Any CPU.Deploy.0 = Debug|iPhoneSimulator
		{1F7AB9F9-DFDA-42D9-B055-8839729BA8BF}.Debug|iPhone.ActiveCfg = Debug|iPhone
		{1F7AB9F9-DFDA-42D9-B055-8839729BA8BF}.Debug|iPhone.Build.0 = Debug|iPhone
		{1F7AB9F9-DFDA-42D9-B055-8839729BA8BF}.Debug|iPhone.Deploy.0 = Debug|iPhone
		{1F7AB9F9-DFDA-42D9-B055-8839729BA8BF}.Debug|iPhoneSimulator.ActiveCfg = Debug|iPhoneSimulator
		{1F7AB9F9-DFDA-42D9-B055-8839729BA8BF}.Debug|iPhoneSimulator.Build.0 = Debug|iPhoneSimulator
		{1F7AB9F9-DFDA-42D9-B055-8839729BA8BF}.Debug|iPhoneSimulator.Deploy.0 = Debug|iPhoneSimulator
		{1F7AB9F9-DFDA-42D9-B055-8839729BA8BF}.Release|Any CPU.ActiveCfg = Release|iPhone
		{1F7AB9F9-DFDA-42D9-B055-8839729BA8BF}.Release|Any CPU.Build.0 = Release|iPhone
		{1F7AB9F9-DFDA-42D9-B055-8839729BA8BF}.Release|Any CPU.Deploy.0 = Release|iPhone
		{1F7AB9F9-DFDA-42D9-B055-8839729BA8BF}.Release|iPhone.ActiveCfg = Release|iPhone
		{1F7AB9F9-DFDA-42D9-B055-8839729BA8BF}.Release|iPhone.Build.0 = Release|iPhone
		{1F7AB9F9-DFDA-42D9-B055-8839729BA8BF}.Release|iPhone.Deploy.0 = Release|iPhone
		{1F7AB9F9-DFDA-42D9-B055-8839729BA8BF}.Release|iPhoneSimulator.ActiveCfg = Release|iPhoneSimulator
		{1F7AB9F9-DFDA-42D9-B055-8839729BA8BF}.Release|iPhoneSimulator.Build.0 = Release|iPhoneSimulator
		{1F7AB9F9-DFDA-42D9-B055-8839729BA8BF}.Release|iPhoneSimulator.Deploy.0 = Release|iPhoneSimulator
		{F1B14DB4-49DC-42D6-983B-D4F6DD54FA5C}.Ad-Hoc|Any CPU.ActiveCfg = Debug|Any CPU
		{F1B14DB4-49DC-42D6-983B-D4F6DD54FA5C}.Ad-Hoc|Any CPU.Build.0 = Debug|Any CPU
		{F1B14DB4-49DC-42D6-983B-D4F6DD54FA5C}.Ad-Hoc|Any CPU.Deploy.0 = Debug|Any CPU
		{F1B14DB4-49DC-42D6-983B-D4F6DD54FA5C}.Ad-Hoc|iPhone.ActiveCfg = Debug|Any CPU
		{F1B14DB4-49DC-42D6-983B-D4F6DD54FA5C}.Ad-Hoc|iPhone.Build.0 = Debug|Any CPU
		{F1B14DB4-49DC-42D6-983B-D4F6DD54FA5C}.Ad-Hoc|iPhone.Deploy.0 = Debug|Any CPU
		{F1B14DB4-49DC-42D6-983B-D4F6DD54FA5C}.Ad-Hoc|iPhoneSimulator.ActiveCfg = Debug|Any CPU
		{F1B14DB4-49DC-42D6-983B-D4F6DD54FA5C}.Ad-Hoc|iPhoneSimulator.Build.0 = Debug|Any CPU
		{F1B14DB4-49DC-42D6-983B-D4F6DD54FA5C}.Ad-Hoc|iPhoneSimulator.Deploy.0 = Debug|Any CPU
		{F1B14DB4-49DC-42D6-983B-D4F6DD54FA5C}.AppStore|Any CPU.ActiveCfg = Debug|Any CPU
		{F1B14DB4-49DC-42D6-983B-D4F6DD54FA5C}.AppStore|Any CPU.Build.0 = Debug|Any CPU
		{F1B14DB4-49DC-42D6-983B-D4F6DD54FA5C}.AppStore|Any CPU.Deploy.0 = Debug|Any CPU
		{F1B14DB4-49DC-42D6-983B-D4F6DD54FA5C}.AppStore|iPhone.ActiveCfg = Debug|Any CPU
		{F1B14DB4-49DC-42D6-983B-D4F6DD54FA5C}.AppStore|iPhone.Build.0 = Debug|Any CPU
		{F1B14DB4-49DC-42D6-983B-D4F6DD54FA5C}.AppStore|iPhone.Deploy.0 = Debug|Any CPU
		{F1B14DB4-49DC-42D6-983B-D4F6DD54FA5C}.AppStore|iPhoneSimulator.ActiveCfg = Debug|Any CPU
		{F1B14DB4-49DC-42D6-983B-D4F6DD54FA5C}.AppStore|iPhoneSimulator.Build.0 = Debug|Any CPU
		{F1B14DB4-49DC-42D6-983B-D4F6DD54FA5C}.AppStore|iPhoneSimulator.Deploy.0 = Debug|Any CPU
		{F1B14DB4-49DC-42D6-983B-D4F6DD54FA5C}.Debug|Any CPU.ActiveCfg = Debug|Any CPU
		{F1B14DB4-49DC-42D6-983B-D4F6DD54FA5C}.Debug|Any CPU.Build.0 = Debug|Any CPU
		{F1B14DB4-49DC-42D6-983B-D4F6DD54FA5C}.Debug|Any CPU.Deploy.0 = Debug|Any CPU
		{F1B14DB4-49DC-42D6-983B-D4F6DD54FA5C}.Debug|iPhone.ActiveCfg = Debug|Any CPU
		{F1B14DB4-49DC-42D6-983B-D4F6DD54FA5C}.Debug|iPhone.Build.0 = Debug|Any CPU
		{F1B14DB4-49DC-42D6-983B-D4F6DD54FA5C}.Debug|iPhone.Deploy.0 = Debug|Any CPU
		{F1B14DB4-49DC-42D6-983B-D4F6DD54FA5C}.Debug|iPhoneSimulator.ActiveCfg = Debug|Any CPU
		{F1B14DB4-49DC-42D6-983B-D4F6DD54FA5C}.Debug|iPhoneSimulator.Build.0 = Debug|Any CPU
		{F1B14DB4-49DC-42D6-983B-D4F6DD54FA5C}.Debug|iPhoneSimulator.Deploy.0 = Debug|Any CPU
		{F1B14DB4-49DC-42D6-983B-D4F6DD54FA5C}.Release|Any CPU.ActiveCfg = Release|Any CPU
		{F1B14DB4-49DC-42D6-983B-D4F6DD54FA5C}.Release|Any CPU.Build.0 = Release|Any CPU
		{F1B14DB4-49DC-42D6-983B-D4F6DD54FA5C}.Release|Any CPU.Deploy.0 = Release|Any CPU
		{F1B14DB4-49DC-42D6-983B-D4F6DD54FA5C}.Release|iPhone.ActiveCfg = Release|Any CPU
		{F1B14DB4-49DC-42D6-983B-D4F6DD54FA5C}.Release|iPhone.Build.0 = Release|Any CPU
		{F1B14DB4-49DC-42D6-983B-D4F6DD54FA5C}.Release|iPhone.Deploy.0 = Release|Any CPU
		{F1B14DB4-49DC-42D6-983B-D4F6DD54FA5C}.Release|iPhoneSimulator.ActiveCfg = Release|Any CPU
		{F1B14DB4-49DC-42D6-983B-D4F6DD54FA5C}.Release|iPhoneSimulator.Build.0 = Release|Any CPU
		{F1B14DB4-49DC-42D6-983B-D4F6DD54FA5C}.Release|iPhoneSimulator.Deploy.0 = Release|Any CPU
	EndGlobalSection
	GlobalSection(SolutionProperties) = preSolution
		HideSolutionNode = FALSE
	EndGlobalSection
	GlobalSection(ExtensibilityGlobals) = postSolution
		SolutionGuid = {6C3B9B4B-4BD8-4B16-9A9C-004626CE45A7}
	EndGlobalSection
EndGlobal
